{
  "name": "three-arorientationcontrols-example-webpack",
  "version": "0.0.1",
  "lockfileVersion": 1,
  "requires": true,
  "dependencies": {
    "three": {
      "version": "0.106.2",
      "resolved": "https://registry.npmjs.org/three/-/three-0.106.2.tgz",
      "integrity": "sha512-4Tlx43uoxnIaZFW2Bzkd1rXsatvVHEWAZJy8LuE+s6Q8c66ogNnhfq1bHiBKPAnXP230LD11H/ScIZc2LZMviA=="
    },
    "three-arorientationcontrols": {
      "version": "0.0.1",
      "resolved": "https://registry.npmjs.org/three-arorientationcontrols/-/three-arorientationcontrols-0.0.1.tgz",
      "integrity": "sha512-/QqKtCs1zlPFC4NlgrFtB7ejTTnmPv3ZMLPjDb5QVBhbmar0lriyg3WtZoImK0h1BEpCnF1mHrNfCm3DFjeu9w=="
    }
  }
}
